
Microsoft Visual Studio Solution File, Format Version 12.00
# Visual Studio Version 16
VisualStudioVersion = 16.0.36324.18
MinimumVisualStudioVersion = 10.0.40219.1
Project("{FAE04EC0-301F-11D3-BF4B-00C04F79EFBC}") = "HW2", "HW2\HW2.csproj", "{ACD637BF-8443-4DC6-A216-AEB5047BB46D}"
EndProject
Global
	GlobalSection(SolutionConfigurationPlatforms) = preSolution
		Debug|Any CPU = Debug|Any CPU
		Release|Any CPU = Release|Any CPU
	EndGlobalSection
	GlobalSection(ProjectConfigurationPlatforms) = postSolution
		{ACD637BF-8443-4DC6-A216-AEB5047BB46D}.Debug|Any CPU.ActiveCfg = Debug|Any CPU
		{ACD637BF-8443-4DC6-A216-AEB5047BB46D}.Debug|Any CPU.Build.0 = Debug|Any CPU
		{ACD637BF-8443-4DC6-A216-AEB5047BB46D}.Release|Any CPU.ActiveCfg = Release|Any CPU
		{ACD637BF-8443-4DC6-A216-AEB5047BB46D}.Release|Any CPU.Build.0 = Release|Any CPU
	EndGlobalSection
	GlobalSection(SolutionProperties) = preSolution
		HideSolutionNode = FALSE
	EndGlobalSection
	GlobalSection(ExtensibilityGlobals) = postSolution
		SolutionGuid = {4E1A92C9-3BCD-43BB-88DB-2C630C08A022}
	EndGlobalSection
EndGlobal
